
Microsoft Visual Studio Solution File, Format Version 12.00
# Visual Studio 15
Project("{FAE04EC0-301F-11D3-BF4B-00C04F79EFBC}") = "Assembly-CSharp", "Assembly-CSharp.csproj", "{3ED095F1-5AC4-1E57-0582-2140966BC4E0}"
EndProject
Project("{FAE04EC0-301F-11D3-BF4B-00C04F79EFBC}") = "Assembly-CSharp-firstpass", "Assembly-CSharp-firstpass.csproj", "{0ABBB00C-BE1D-BD78-B07D-77293333A369}"
EndProject
Project("{FAE04EC0-301F-11D3-BF4B-00C04F79EFBC}") = "Assembly-CSharp-Editor", "Assembly-CSharp-Editor.csproj", "{F739FFD3-17EC-B511-2B9B-E1680B251A2A}"
EndProject
Global
	GlobalSection(SolutionConfigurationPlatforms) = preSolution
		Debug|Any CPU = Debug|Any CPU
		Release|Any CPU = Release|Any CPU
	EndGlobalSection
	GlobalSection(ProjectConfigurationPlatforms) = postSolution
		{3ED095F1-5AC4-1E57-0582-2140966BC4E0}.Debug|Any CPU.ActiveCfg = Debug|Any CPU
		{3ED095F1-5AC4-1E57-0582-2140966BC4E0}.Debug|Any CPU.Build.0 = Debug|Any CPU
		{3ED095F1-5AC4-1E57-0582-2140966BC4E0}.Release|Any CPU.ActiveCfg = Release|Any CPU
		{3ED095F1-5AC4-1E57-0582-2140966BC4E0}.Release|Any CPU.Build.0 = Release|Any CPU
		{0ABBB00C-BE1D-BD78-B07D-77293333A369}.Debug|Any CPU.ActiveCfg = Debug|Any CPU
		{0ABBB00C-BE1D-BD78-B07D-77293333A369}.Debug|Any CPU.Build.0 = Debug|Any CPU
		{0ABBB00C-BE1D-BD78-B07D-77293333A369}.Release|Any CPU.ActiveCfg = Release|Any CPU
		{0ABBB00C-BE1D-BD78-B07D-77293333A369}.Release|Any CPU.Build.0 = Release|Any CPU
		{F739FFD3-17EC-B511-2B9B-E1680B251A2A}.Debug|Any CPU.ActiveCfg = Debug|Any CPU
		{F739FFD3-17EC-B511-2B9B-E1680B251A2A}.Debug|Any CPU.Build.0 = Debug|Any CPU
		{F739FFD3-17EC-B511-2B9B-E1680B251A2A}.Release|Any CPU.ActiveCfg = Release|Any CPU
		{F739FFD3-17EC-B511-2B9B-E1680B251A2A}.Release|Any CPU.Build.0 = Release|Any CPU
	EndGlobalSection
	GlobalSection(SolutionProperties) = preSolution
		HideSolutionNode = FALSE
	EndGlobalSection
EndGlobal
